
Microsoft Visual Studio Solution File, Format Version 12.00
# Visual Studio Version 17
VisualStudioVersion = 17.1.32210.238
MinimumVisualStudioVersion = 10.0.40219.1
Project("{9A19103F-16F7-4668-BE54-9A1E7A4F7556}") = "ManutencaoPlano", "ManutencaoPlano\ManutencaoPlano.csproj", "{419F14D5-96D5-4504-894A-90D8E639193A}"
EndProject
Global
	GlobalSection(SolutionConfigurationPlatforms) = preSolution
		Debug|Any CPU = Debug|Any CPU
		Release|Any CPU = Release|Any CPU
	EndGlobalSection
	GlobalSection(ProjectConfigurationPlatforms) = postSolution
		{419F14D5-96D5-4504-894A-90D8E639193A}.Debug|Any CPU.ActiveCfg = Debug|Any CPU
		{419F14D5-96D5-4504-894A-90D8E639193A}.Debug|Any CPU.Build.0 = Debug|Any CPU
		{419F14D5-96D5-4504-894A-90D8E639193A}.Release|Any CPU.ActiveCfg = Release|Any CPU
		{419F14D5-96D5-4504-894A-90D8E639193A}.Release|Any CPU.Build.0 = Release|Any CPU
	EndGlobalSection
	GlobalSection(SolutionProperties) = preSolution
		HideSolutionNode = FALSE
	EndGlobalSection
	GlobalSection(ExtensibilityGlobals) = postSolution
		SolutionGuid = {7FC70D39-E7C3-45C7-A2AD-21384D12A28B}
	EndGlobalSection
EndGlobal
